
Microsoft Visual Studio Solution File, Format Version 12.00
# Visual Studio 14
VisualStudioVersion = 14.0.25420.1
MinimumVisualStudioVersion = 10.0.40219.1
Project("{2150E333-8FDC-42A3-9474-1A3956D46DE8}") = "src", "src", "{DACEE991-B7B4-49E1-B011-486970880626}"
EndProject
Project("{2150E333-8FDC-42A3-9474-1A3956D46DE8}") = "Solution Items", "Solution Items", "{D5E410FE-6F1E-499B-A254-7AB2E3D6B65F}"
	ProjectSection(SolutionItems) = preProject
		global.json = global.json
	EndProjectSection
EndProject
Project("{8BB2217D-0F2D-49D1-97BC-3654ED321F3B}") = "Wodsoft.EnhancedAuthentication.Abstractions", "src\Wodsoft.EnhancedAuthentication.Abstractions\Wodsoft.EnhancedAuthentication.Abstractions.xproj", "{EE06572F-37C0-40F9-99F7-977CD2D8758F}"
EndProject
Global
	GlobalSection(SolutionConfigurationPlatforms) = preSolution
		Debug|Any CPU = Debug|Any CPU
		Release|Any CPU = Release|Any CPU
	EndGlobalSection
	GlobalSection(ProjectConfigurationPlatforms) = postSolution
		{EE06572F-37C0-40F9-99F7-977CD2D8758F}.Debug|Any CPU.ActiveCfg = Debug|Any CPU
		{EE06572F-37C0-40F9-99F7-977CD2D8758F}.Debug|Any CPU.Build.0 = Debug|Any CPU
		{EE06572F-37C0-40F9-99F7-977CD2D8758F}.Release|Any CPU.ActiveCfg = Release|Any CPU
		{EE06572F-37C0-40F9-99F7-977CD2D8758F}.Release|Any CPU.Build.0 = Release|Any CPU
	EndGlobalSection
	GlobalSection(SolutionProperties) = preSolution
		HideSolutionNode = FALSE
	EndGlobalSection
	GlobalSection(NestedProjects) = preSolution
		{EE06572F-37C0-40F9-99F7-977CD2D8758F} = {DACEE991-B7B4-49E1-B011-486970880626}
	EndGlobalSection
EndGlobal
